
Microsoft Visual Studio Solution File, Format Version 12.00
# Visual Studio 14
VisualStudioVersion = 14.0.24720.0
MinimumVisualStudioVersion = 10.0.40219.1
Project("{FAE04EC0-301F-11D3-BF4B-00C04F79EFBC}") = "Primary", "Primary\Primary.csproj", "{66D4F5DB-E588-4BEC-9753-DDBFE1DF9711}"
EndProject
Project("{FAE04EC0-301F-11D3-BF4B-00C04F79EFBC}") = "Worker", "Worker\Worker.csproj", "{62A71B18-84F7-4166-A9CE-D6F956C13BC9}"
EndProject
Global
	GlobalSection(SolutionConfigurationPlatforms) = preSolution
		Debug|Any CPU = Debug|Any CPU
		Release|Any CPU = Release|Any CPU
	EndGlobalSection
	GlobalSection(ProjectConfigurationPlatforms) = postSolution
		{66D4F5DB-E588-4BEC-9753-DDBFE1DF9711}.Debug|Any CPU.ActiveCfg = Debug|Any CPU
		{66D4F5DB-E588-4BEC-9753-DDBFE1DF9711}.Debug|Any CPU.Build.0 = Debug|Any CPU
		{66D4F5DB-E588-4BEC-9753-DDBFE1DF9711}.Release|Any CPU.ActiveCfg = Release|Any CPU
		{66D4F5DB-E588-4BEC-9753-DDBFE1DF9711}.Release|Any CPU.Build.0 = Release|Any CPU
		{62A71B18-84F7-4166-A9CE-D6F956C13BC9}.Debug|Any CPU.ActiveCfg = Debug|Any CPU
		{62A71B18-84F7-4166-A9CE-D6F956C13BC9}.Debug|Any CPU.Build.0 = Debug|Any CPU
		{62A71B18-84F7-4166-A9CE-D6F956C13BC9}.Release|Any CPU.ActiveCfg = Release|Any CPU
		{62A71B18-84F7-4166-A9CE-D6F956C13BC9}.Release|Any CPU.Build.0 = Release|Any CPU
	EndGlobalSection
	GlobalSection(SolutionProperties) = preSolution
		HideSolutionNode = FALSE
	EndGlobalSection
EndGlobal
